
Microsoft Visual Studio Solution File, Format Version 12.00
# Visual Studio Version 17
VisualStudioVersion = 17.11.35312.102
MinimumVisualStudioVersion = 10.0.40219.1
Project("{8BC9CEB8-8B4A-11D0-8D11-00A0C91BC942}") = "0.1.3变量", "0.1.3变量\0.1.3变量.vcxproj", "{6F3005EB-7610-44CE-8116-8F347AD48090}"
EndProject
Project("{8BC9CEB8-8B4A-11D0-8D11-00A0C91BC942}") = "0.1.4常量", "0.1.4常量\0.1.4常量.vcxproj", "{BE8A58AF-5936-4E4C-8704-6EEF1815F46E}"
EndProject
Project("{8BC9CEB8-8B4A-11D0-8D11-00A0C91BC942}") = "0.1.6标识符命名规则", "0.1.6标识符命名规则\0.1.6标识符命名规则.vcxproj", "{C7553EEC-16DB-47D1-A2E3-6B2812169F52}"
EndProject
Project("{8BC9CEB8-8B4A-11D0-8D11-00A0C91BC942}") = "0.2.1整型", "0.2.1整形\0.2.1整形.vcxproj", "{5537FE21-B4CD-4FDE-84EB-1C7DA50D07C2}"
EndProject
Project("{8BC9CEB8-8B4A-11D0-8D11-00A0C91BC942}") = "0.2.2sizeof关键字", "0.2.2sizeof关键字\0.2.2sizeof关键字.vcxproj", "{C1AFC0F9-D5B5-4335-AA4E-22E38E7F6E57}"
EndProject
Project("{8BC9CEB8-8B4A-11D0-8D11-00A0C91BC942}") = "0.2.3实型", "0.2.3实型\0.2.3实型.vcxproj", "{85E838A1-77CA-4C79-8DD2-6777664C9CB8}"
EndProject
Project("{8BC9CEB8-8B4A-11D0-8D11-00A0C91BC942}") = "0.2.4字符型", "0.2.4字符型\0.2.4字符型.vcxproj", "{63573573-3A51-4A9F-A885-78A4B00EC19B}"
EndProject
Project("{8BC9CEB8-8B4A-11D0-8D11-00A0C91BC942}") = "2.1关系表达式", "2.1关系表达式\2.1关系表达式.vcxproj", "{2115F921-6061-4166-B259-993D3FD02004}"
EndProject
Project("{8BC9CEB8-8B4A-11D0-8D11-00A0C91BC942}") = "2.2简单计算", "2.2简单计算\2.2简单计算.vcxproj", "{2C90FEE2-B35E-42A2-BF2B-ECF5C70841B2}"
EndProject
Project("{8BC9CEB8-8B4A-11D0-8D11-00A0C91BC942}") = "2.3简单if判断", "2.3简单if判断\2.3简单if判断.vcxproj", "{4169A092-4016-45C2-8845-36EC6E9062BD}"
EndProject
Project("{8BC9CEB8-8B4A-11D0-8D11-00A0C91BC942}") = "2.4简单switch(grade)判断（更好的if）", "2.4简单switch(grade)判断（更好的if）\2.4简单switch(grade)判断（更好的if）.vcxproj", "{AC3843F2-5A12-4E50-8A7C-4ABFEB9F8F90}"
EndProject
Project("{8BC9CEB8-8B4A-11D0-8D11-00A0C91BC942}") = "3.1数组", "3.1数组\3.1数组.vcxproj", "{C11446B6-6FEB-4A90-9D3C-D855B3E8CDB5}"
EndProject
Project("{8BC9CEB8-8B4A-11D0-8D11-00A0C91BC942}") = "大一教学", "大一教学\大一教学.vcxproj", "{40A5394A-1FAF-4BC0-B586-4A4148EFD129}"
EndProject
Project("{8BC9CEB8-8B4A-11D0-8D11-00A0C91BC942}") = "C++Music", "C++Music\C++Music.vcxproj", "{B00D7DBD-A317-4CFF-817E-F78DFF8155F5}"
EndProject
Global
	GlobalSection(SolutionConfigurationPlatforms) = preSolution
		Debug|x64 = Debug|x64
		Debug|x86 = Debug|x86
		Release|x64 = Release|x64
		Release|x86 = Release|x86
	EndGlobalSection
	GlobalSection(ProjectConfigurationPlatforms) = postSolution
		{6F3005EB-7610-44CE-8116-8F347AD48090}.Debug|x64.ActiveCfg = Debug|x64
		{6F3005EB-7610-44CE-8116-8F347AD48090}.Debug|x64.Build.0 = Debug|x64
		{6F3005EB-7610-44CE-8116-8F347AD48090}.Debug|x86.ActiveCfg = Debug|Win32
		{6F3005EB-7610-44CE-8116-8F347AD48090}.Debug|x86.Build.0 = Debug|Win32
		{6F3005EB-7610-44CE-8116-8F347AD48090}.Release|x64.ActiveCfg = Release|x64
		{6F3005EB-7610-44CE-8116-8F347AD48090}.Release|x64.Build.0 = Release|x64
		{6F3005EB-7610-44CE-8116-8F347AD48090}.Release|x86.ActiveCfg = Release|Win32
		{6F3005EB-7610-44CE-8116-8F347AD48090}.Release|x86.Build.0 = Release|Win32
		{BE8A58AF-5936-4E4C-8704-6EEF1815F46E}.Debug|x64.ActiveCfg = Debug|x64
		{BE8A58AF-5936-4E4C-8704-6EEF1815F46E}.Debug|x64.Build.0 = Debug|x64
		{BE8A58AF-5936-4E4C-8704-6EEF1815F46E}.Debug|x86.ActiveCfg = Debug|Win32
		{BE8A58AF-5936-4E4C-8704-6EEF1815F46E}.Debug|x86.Build.0 = Debug|Win32
		{BE8A58AF-5936-4E4C-8704-6EEF1815F46E}.Release|x64.ActiveCfg = Release|x64
		{BE8A58AF-5936-4E4C-8704-6EEF1815F46E}.Release|x64.Build.0 = Release|x64
		{BE8A58AF-5936-4E4C-8704-6EEF1815F46E}.Release|x86.ActiveCfg = Release|Win32
		{BE8A58AF-5936-4E4C-8704-6EEF1815F46E}.Release|x86.Build.0 = Release|Win32
		{C7553EEC-16DB-47D1-A2E3-6B2812169F52}.Debug|x64.ActiveCfg = Debug|x64
		{C7553EEC-16DB-47D1-A2E3-6B2812169F52}.Debug|x64.Build.0 = Debug|x64
		{C7553EEC-16DB-47D1-A2E3-6B2812169F52}.Debug|x86.ActiveCfg = Debug|Win32
		{C7553EEC-16DB-47D1-A2E3-6B2812169F52}.Debug|x86.Build.0 = Debug|Win32
		{C7553EEC-16DB-47D1-A2E3-6B2812169F52}.Release|x64.ActiveCfg = Release|x64
		{C7553EEC-16DB-47D1-A2E3-6B2812169F52}.Release|x64.Build.0 = Release|x64
		{C7553EEC-16DB-47D1-A2E3-6B2812169F52}.Release|x86.ActiveCfg = Release|Win32
		{C7553EEC-16DB-47D1-A2E3-6B2812169F52}.Release|x86.Build.0 = Release|Win32
		{5537FE21-B4CD-4FDE-84EB-1C7DA50D07C2}.Debug|x64.ActiveCfg = Debug|x64
		{5537FE21-B4CD-4FDE-84EB-1C7DA50D07C2}.Debug|x64.Build.0 = Debug|x64
		{5537FE21-B4CD-4FDE-84EB-1C7DA50D07C2}.Debug|x86.ActiveCfg = Debug|Win32
		{5537FE21-B4CD-4FDE-84EB-1C7DA50D07C2}.Debug|x86.Build.0 = Debug|Win32
		{5537FE21-B4CD-4FDE-84EB-1C7DA50D07C2}.Release|x64.ActiveCfg = Release|x64
		{5537FE21-B4CD-4FDE-84EB-1C7DA50D07C2}.Release|x64.Build.0 = Release|x64
		{5537FE21-B4CD-4FDE-84EB-1C7DA50D07C2}.Release|x86.ActiveCfg = Release|Win32
		{5537FE21-B4CD-4FDE-84EB-1C7DA50D07C2}.Release|x86.Build.0 = Release|Win32
		{C1AFC0F9-D5B5-4335-AA4E-22E38E7F6E57}.Debug|x64.ActiveCfg = Debug|x64
		{C1AFC0F9-D5B5-4335-AA4E-22E38E7F6E57}.Debug|x64.Build.0 = Debug|x64
		{C1AFC0F9-D5B5-4335-AA4E-22E38E7F6E57}.Debug|x86.ActiveCfg = Debug|Win32
		{C1AFC0F9-D5B5-4335-AA4E-22E38E7F6E57}.Debug|x86.Build.0 = Debug|Win32
		{C1AFC0F9-D5B5-4335-AA4E-22E38E7F6E57}.Release|x64.ActiveCfg = Release|x64
		{C1AFC0F9-D5B5-4335-AA4E-22E38E7F6E57}.Release|x64.Build.0 = Release|x64
		{C1AFC0F9-D5B5-4335-AA4E-22E38E7F6E57}.Release|x86.ActiveCfg = Release|Win32
		{C1AFC0F9-D5B5-4335-AA4E-22E38E7F6E57}.Release|x86.Build.0 = Release|Win32
		{85E838A1-77CA-4C79-8DD2-6777664C9CB8}.Debug|x64.ActiveCfg = Debug|x64
		{85E838A1-77CA-4C79-8DD2-6777664C9CB8}.Debug|x64.Build.0 = Debug|x64
		{85E838A1-77CA-4C79-8DD2-6777664C9CB8}.Debug|x86.ActiveCfg = Debug|Win32
		{85E838A1-77CA-4C79-8DD2-6777664C9CB8}.Debug|x86.Build.0 = Debug|Win32
		{85E838A1-77CA-4C79-8DD2-6777664C9CB8}.Release|x64.ActiveCfg = Release|x64
		{85E838A1-77CA-4C79-8DD2-6777664C9CB8}.Release|x64.Build.0 = Release|x64
		{85E838A1-77CA-4C79-8DD2-6777664C9CB8}.Release|x86.ActiveCfg = Release|Win32
		{85E838A1-77CA-4C79-8DD2-6777664C9CB8}.Release|x86.Build.0 = Release|Win32
		{63573573-3A51-4A9F-A885-78A4B00EC19B}.Debug|x64.ActiveCfg = Debug|x64
		{63573573-3A51-4A9F-A885-78A4B00EC19B}.Debug|x64.Build.0 = Debug|x64
		{63573573-3A51-4A9F-A885-78A4B00EC19B}.Debug|x86.ActiveCfg = Debug|Win32
		{63573573-3A51-4A9F-A885-78A4B00EC19B}.Debug|x86.Build.0 = Debug|Win32
		{63573573-3A51-4A9F-A885-78A4B00EC19B}.Release|x64.ActiveCfg = Release|x64
		{63573573-3A51-4A9F-A885-78A4B00EC19B}.Release|x64.Build.0 = Release|x64
		{63573573-3A51-4A9F-A885-78A4B00EC19B}.Release|x86.ActiveCfg = Release|Win32
		{63573573-3A51-4A9F-A885-78A4B00EC19B}.Release|x86.Build.0 = Release|Win32
		{2115F921-6061-4166-B259-993D3FD02004}.Debug|x64.ActiveCfg = Debug|x64
		{2115F921-6061-4166-B259-993D3FD02004}.Debug|x64.Build.0 = Debug|x64
		{2115F921-6061-4166-B259-993D3FD02004}.Debug|x86.ActiveCfg = Debug|Win32
		{2115F921-6061-4166-B259-993D3FD02004}.Debug|x86.Build.0 = Debug|Win32
		{2115F921-6061-4166-B259-993D3FD02004}.Release|x64.ActiveCfg = Release|x64
		{2115F921-6061-4166-B259-993D3FD02004}.Release|x64.Build.0 = Release|x64
		{2115F921-6061-4166-B259-993D3FD02004}.Release|x86.ActiveCfg = Release|Win32
		{2115F921-6061-4166-B259-993D3FD02004}.Release|x86.Build.0 = Release|Win32
		{2C90FEE2-B35E-42A2-BF2B-ECF5C70841B2}.Debug|x64.ActiveCfg = Debug|x64
		{2C90FEE2-B35E-42A2-BF2B-ECF5C70841B2}.Debug|x64.Build.0 = Debug|x64
		{2C90FEE2-B35E-42A2-BF2B-ECF5C70841B2}.Debug|x86.ActiveCfg = Debug|Win32
		{2C90FEE2-B35E-42A2-BF2B-ECF5C70841B2}.Debug|x86.Build.0 = Debug|Win32
		{2C90FEE2-B35E-42A2-BF2B-ECF5C70841B2}.Release|x64.ActiveCfg = Release|x64
		{2C90FEE2-B35E-42A2-BF2B-ECF5C70841B2}.Release|x64.Build.0 = Release|x64
		{2C90FEE2-B35E-42A2-BF2B-ECF5C70841B2}.Release|x86.ActiveCfg = Release|Win32
		{2C90FEE2-B35E-42A2-BF2B-ECF5C70841B2}.Release|x86.Build.0 = Release|Win32
		{4169A092-4016-45C2-8845-36EC6E9062BD}.Debug|x64.ActiveCfg = Debug|x64
		{4169A092-4016-45C2-8845-36EC6E9062BD}.Debug|x64.Build.0 = Debug|x64
		{4169A092-4016-45C2-8845-36EC6E9062BD}.Debug|x86.ActiveCfg = Debug|Win32
		{4169A092-4016-45C2-8845-36EC6E9062BD}.Debug|x86.Build.0 = Debug|Win32
		{4169A092-4016-45C2-8845-36EC6E9062BD}.Release|x64.ActiveCfg = Release|x64
		{4169A092-4016-45C2-8845-36EC6E9062BD}.Release|x64.Build.0 = Release|x64
		{4169A092-4016-45C2-8845-36EC6E9062BD}.Release|x86.ActiveCfg = Release|Win32
		{4169A092-4016-45C2-8845-36EC6E9062BD}.Release|x86.Build.0 = Release|Win32
		{AC3843F2-5A12-4E50-8A7C-4ABFEB9F8F90}.Debug|x64.ActiveCfg = Debug|x64
		{AC3843F2-5A12-4E50-8A7C-4ABFEB9F8F90}.Debug|x64.Build.0 = Debug|x64
		{AC3843F2-5A12-4E50-8A7C-4ABFEB9F8F90}.Debug|x86.ActiveCfg = Debug|Win32
		{AC3843F2-5A12-4E50-8A7C-4ABFEB9F8F90}.Debug|x86.Build.0 = Debug|Win32
		{AC3843F2-5A12-4E50-8A7C-4ABFEB9F8F90}.Release|x64.ActiveCfg = Release|x64
		{AC3843F2-5A12-4E50-8A7C-4ABFEB9F8F90}.Release|x64.Build.0 = Release|x64
		{AC3843F2-5A12-4E50-8A7C-4ABFEB9F8F90}.Release|x86.ActiveCfg = Release|Win32
		{AC3843F2-5A12-4E50-8A7C-4ABFEB9F8F90}.Release|x86.Build.0 = Release|Win32
		{C11446B6-6FEB-4A90-9D3C-D855B3E8CDB5}.Debug|x64.ActiveCfg = Debug|x64
		{C11446B6-6FEB-4A90-9D3C-D855B3E8CDB5}.Debug|x64.Build.0 = Debug|x64
		{C11446B6-6FEB-4A90-9D3C-D855B3E8CDB5}.Debug|x86.ActiveCfg = Debug|Win32
		{C11446B6-6FEB-4A90-9D3C-D855B3E8CDB5}.Debug|x86.Build.0 = Debug|Win32
		{C11446B6-6FEB-4A90-9D3C-D855B3E8CDB5}.Release|x64.ActiveCfg = Release|x64
		{C11446B6-6FEB-4A90-9D3C-D855B3E8CDB5}.Release|x64.Build.0 = Release|x64
		{C11446B6-6FEB-4A90-9D3C-D855B3E8CDB5}.Release|x86.ActiveCfg = Release|Win32
		{C11446B6-6FEB-4A90-9D3C-D855B3E8CDB5}.Release|x86.Build.0 = Release|Win32
		{40A5394A-1FAF-4BC0-B586-4A4148EFD129}.Debug|x64.ActiveCfg = Debug|x64
		{40A5394A-1FAF-4BC0-B586-4A4148EFD129}.Debug|x64.Build.0 = Debug|x64
		{40A5394A-1FAF-4BC0-B586-4A4148EFD129}.Debug|x86.ActiveCfg = Debug|Win32
		{40A5394A-1FAF-4BC0-B586-4A4148EFD129}.Debug|x86.Build.0 = Debug|Win32
		{40A5394A-1FAF-4BC0-B586-4A4148EFD129}.Release|x64.ActiveCfg = Release|x64
		{40A5394A-1FAF-4BC0-B586-4A4148EFD129}.Release|x64.Build.0 = Release|x64
		{40A5394A-1FAF-4BC0-B586-4A4148EFD129}.Release|x86.ActiveCfg = Release|Win32
		{40A5394A-1FAF-4BC0-B586-4A4148EFD129}.Release|x86.Build.0 = Release|Win32
		{B00D7DBD-A317-4CFF-817E-F78DFF8155F5}.Debug|x64.ActiveCfg = Debug|x64
		{B00D7DBD-A317-4CFF-817E-F78DFF8155F5}.Debug|x64.Build.0 = Debug|x64
		{B00D7DBD-A317-4CFF-817E-F78DFF8155F5}.Debug|x86.ActiveCfg = Debug|Win32
		{B00D7DBD-A317-4CFF-817E-F78DFF8155F5}.Debug|x86.Build.0 = Debug|Win32
		{B00D7DBD-A317-4CFF-817E-F78DFF8155F5}.Release|x64.ActiveCfg = Release|x64
		{B00D7DBD-A317-4CFF-817E-F78DFF8155F5}.Release|x64.Build.0 = Release|x64
		{B00D7DBD-A317-4CFF-817E-F78DFF8155F5}.Release|x86.ActiveCfg = Release|Win32
		{B00D7DBD-A317-4CFF-817E-F78DFF8155F5}.Release|x86.Build.0 = Release|Win32
	EndGlobalSection
	GlobalSection(SolutionProperties) = preSolution
		HideSolutionNode = FALSE
	EndGlobalSection
	GlobalSection(ExtensibilityGlobals) = postSolution
		SolutionGuid = {DF06BFB5-2489-46B0-A111-219D1DC00381}
	EndGlobalSection
EndGlobal
